# This file is generated by running "yarn install" inside your project.
# Manual changes might be lost - proceed with caution!

__metadata:
  version: 6
  cacheKey: 8

"@typegoose/typegoose@npm:^11.4.0":
  version: 11.4.0
  resolution: "@typegoose/typegoose@npm:11.4.0"
  dependencies:
    lodash: ^4.17.20
    loglevel: ^1.8.1
    reflect-metadata: ^0.1.13
    semver: ^7.5.4
    tslib: ^2.6.0
  peerDependencies:
    mongoose: ~7.4.0
  checksum: 2194853ad86a83817151096e4b1c6ece5888cec615bab074b4e750a5ecd2413e00deee547a06a0e2df2c26e5f8400871c79dde5024a498ca3e135a8c258bb1b8
  languageName: node
  linkType: hard

"@types/node@npm:*":
  version: 20.4.2
  resolution: "@types/node@npm:20.4.2"
  checksum: 99e544ea7560d51f01f95627fc40394c24a13da8f041121a0da13e4ef0a2aa332932eaf9a5e8d0e30d1c07106e96a183be392cbba62e8cf0bf6a085d5c0f4149
  languageName: node
  linkType: hard

"@types/webidl-conversions@npm:*":
  version: 7.0.0
  resolution: "@types/webidl-conversions@npm:7.0.0"
  checksum: 60142c7ddd9eb6f907d232d6b3a81ecf990f73b5a62a004eba8bd0f54809a42ece68ce512e7e3e1d98af8b6393d66cddb96f3622d2fb223c4e9c8937c61bfed7
  languageName: node
  linkType: hard

"@types/whatwg-url@npm:^8.2.1":
  version: 8.2.2
  resolution: "@types/whatwg-url@npm:8.2.2"
  dependencies:
    "@types/node": "*"
    "@types/webidl-conversions": "*"
  checksum: 5dc5afe078dfa1a8a266745586fa3db9baa8ce7cc904789211d1dca1d34d7f3dd17d0b7423c36bc9beab9d98aa99338f1fc60798c0af6cbb8356f20e20d9f243
  languageName: node
  linkType: hard

"bson@npm:^5.4.0":
  version: 5.4.0
  resolution: "bson@npm:5.4.0"
  checksum: 1c07e3d09f139d414bd226bf7f4e9aaa7a726e0c9718c55b53bb23ffa2805cac8b66e4fa46b424c73a35c6e292ed5f7432df5c76ea5d08052642b2ac9e0399e3
  languageName: node
  linkType: hard

"debug@npm:4.x":
  version: 4.3.4
  resolution: "debug@npm:4.3.4"
  dependencies:
    ms: 2.1.2
  peerDependenciesMeta:
    supports-color:
      optional: true
  checksum: 3dbad3f94ea64f34431a9cbf0bafb61853eda57bff2880036153438f50fb5a84f27683ba0d8e5426bf41a8c6ff03879488120cf5b3a761e77953169c0600a708
  languageName: node
  linkType: hard

"ip@npm:^2.0.0":
  version: 2.0.0
  resolution: "ip@npm:2.0.0"
  checksum: cfcfac6b873b701996d71ec82a7dd27ba92450afdb421e356f44044ed688df04567344c36cbacea7d01b1c39a4c732dc012570ebe9bebfb06f27314bca625349
  languageName: node
  linkType: hard

"kareem@npm:2.5.1":
  version: 2.5.1
  resolution: "kareem@npm:2.5.1"
  checksum: b019a960a7b9e44b6ef224ef85e7583d4e969619f53319e571677fbed7e57e01ee8774589726b29741e42790996567d878003c18e674296742dc343bfbf3efb9
  languageName: node
  linkType: hard

"lodash@npm:^4.17.20":
  version: 4.17.21
  resolution: "lodash@npm:4.17.21"
  checksum: eb835a2e51d381e561e508ce932ea50a8e5a68f4ebdd771ea240d3048244a8d13658acbd502cd4829768c56f2e16bdd4340b9ea141297d472517b83868e677f7
  languageName: node
  linkType: hard

"loglevel@npm:^1.8.1":
  version: 1.8.1
  resolution: "loglevel@npm:1.8.1"
  checksum: a1a62db40291aaeaef2f612334c49e531bff71cc1d01a2acab689ab80d59e092f852ab164a5aedc1a752fdc46b7b162cb097d8a9eb2cf0b299511106c29af61d
  languageName: node
  linkType: hard

"lru-cache@npm:^6.0.0":
  version: 6.0.0
  resolution: "lru-cache@npm:6.0.0"
  dependencies:
    yallist: ^4.0.0
  checksum: f97f499f898f23e4585742138a22f22526254fdba6d75d41a1c2526b3b6cc5747ef59c5612ba7375f42aca4f8461950e925ba08c991ead0651b4918b7c978297
  languageName: node
  linkType: hard

"memory-pager@npm:^1.0.2":
  version: 1.5.0
  resolution: "memory-pager@npm:1.5.0"
  checksum: d1a2e684583ef55c61cd3a49101da645b11ad57014dfc565e0b43baa9004b743f7e4ab81493d8fff2ab24e9950987cc3209c94bcc4fc8d7e30a475489a1f15e9
  languageName: node
  linkType: hard

"mongodb-connection-string-url@npm:^2.6.0":
  version: 2.6.0
  resolution: "mongodb-connection-string-url@npm:2.6.0"
  dependencies:
    "@types/whatwg-url": ^8.2.1
    whatwg-url: ^11.0.0
  checksum: 1d662f0ecfe96f7a400f625c244b2e52914c98f3562ee7d19941127578b5f8237624433bdcea285a654041b945b518803512989690c74548aec5860c5541c605
  languageName: node
  linkType: hard

"mongodb@npm:5.7.0":
  version: 5.7.0
  resolution: "mongodb@npm:5.7.0"
  dependencies:
    bson: ^5.4.0
    mongodb-connection-string-url: ^2.6.0
    saslprep: ^1.0.3
    socks: ^2.7.1
  peerDependencies:
    "@aws-sdk/credential-providers": ^3.201.0
    "@mongodb-js/zstd": ^1.1.0
    kerberos: ^2.0.1
    mongodb-client-encryption: ">=2.3.0 <3"
    snappy: ^7.2.2
  dependenciesMeta:
    saslprep:
      optional: true
  peerDependenciesMeta:
    "@aws-sdk/credential-providers":
      optional: true
    "@mongodb-js/zstd":
      optional: true
    kerberos:
      optional: true
    mongodb-client-encryption:
      optional: true
    snappy:
      optional: true
  checksum: 16357b6229abac165aecea15a6efa873ec8662a00411ecb9e49853f05a590be31aab63d404486125778eedaafe76d70e84eea682fa89b138decc247f4870d2ec
  languageName: node
  linkType: hard

"mongoose@npm:^7.4.0":
  version: 7.4.0
  resolution: "mongoose@npm:7.4.0"
  dependencies:
    bson: ^5.4.0
    kareem: 2.5.1
    mongodb: 5.7.0
    mpath: 0.9.0
    mquery: 5.0.0
    ms: 2.1.3
    sift: 16.0.1
  checksum: 391e28eb2e783150e81579a2cc1543224df621883c61ece45d977298cc11f392b5939f7f4066847f05fce2abad0aaeaf2ec72de8a1c0b7a9898651082c3bcf2d
  languageName: node
  linkType: hard

"mpath@npm:0.9.0":
  version: 0.9.0
  resolution: "mpath@npm:0.9.0"
  checksum: 1052f1f926db04502440f76164ae16ed53aa41f3ce34e7e64e3ed451b7d91ede295c3b600801c5f9eb862f03d9d59b7aa5aaf690c341fc521bef025d0f5cd773
  languageName: node
  linkType: hard

"mquery@npm:5.0.0":
  version: 5.0.0
  resolution: "mquery@npm:5.0.0"
  dependencies:
    debug: 4.x
  checksum: 0617ead71e40e3c38ab74a1e46214d578d654bf7916abd8b3fb2ceb433bb6287adfa0960f041f16e2ac41c5ed5d7ce2268582f0a0075fff2561bcd5a3f40b417
  languageName: node
  linkType: hard

"ms@npm:2.1.2":
  version: 2.1.2
  resolution: "ms@npm:2.1.2"
  checksum: 673cdb2c3133eb050c745908d8ce632ed2c02d85640e2edb3ace856a2266a813b30c613569bf3354fdf4ea7d1a1494add3bfa95e2713baa27d0c2c71fc44f58f
  languageName: node
  linkType: hard

"ms@npm:2.1.3":
  version: 2.1.3
  resolution: "ms@npm:2.1.3"
  checksum: aa92de608021b242401676e35cfa5aa42dd70cbdc082b916da7fb925c542173e36bce97ea3e804923fe92c0ad991434e4a38327e15a1b5b5f945d66df615ae6d
  languageName: node
  linkType: hard

"punycode@npm:^2.1.1":
  version: 2.3.0
  resolution: "punycode@npm:2.3.0"
  checksum: 39f760e09a2a3bbfe8f5287cf733ecdad69d6af2fe6f97ca95f24b8921858b91e9ea3c9eeec6e08cede96181b3bb33f95c6ffd8c77e63986508aa2e8159fa200
  languageName: node
  linkType: hard

"reflect-metadata@npm:^0.1.13":
  version: 0.1.13
  resolution: "reflect-metadata@npm:0.1.13"
  checksum: 798d379a7b6f6455501145419505c97dd11cbc23857a386add2b9ef15963ccf15a48d9d15507afe01d4cd74116df8a213247200bac00320bd7c11ddeaa5e8fb4
  languageName: node
  linkType: hard

"saslprep@npm:^1.0.3":
  version: 1.0.3
  resolution: "saslprep@npm:1.0.3"
  dependencies:
    sparse-bitfield: ^3.0.3
  checksum: 4fdc0b70fb5e523f977de405e12cca111f1f10dd68a0cfae0ca52c1a7919a94d1556598ba2d35f447655c3b32879846c77f9274c90806f6673248ae3cea6ee43
  languageName: node
  linkType: hard

"semver@npm:^7.5.4":
  version: 7.5.4
  resolution: "semver@npm:7.5.4"
  dependencies:
    lru-cache: ^6.0.0
  bin:
    semver: bin/semver.js
  checksum: 12d8ad952fa353b0995bf180cdac205a4068b759a140e5d3c608317098b3575ac2f1e09182206bf2eb26120e1c0ed8fb92c48c592f6099680de56bb071423ca3
  languageName: node
  linkType: hard

"sift@npm:16.0.1":
  version: 16.0.1
  resolution: "sift@npm:16.0.1"
  checksum: 5fe18a517a20c35e0c05238797cc605094a6cb602b08c4661268c415b71a10f1a55ee4cc8728552e390e7cb4683a33bcbd68d7971eb44645cc6211e2f00dd233
  languageName: node
  linkType: hard

"smart-buffer@npm:^4.2.0":
  version: 4.2.0
  resolution: "smart-buffer@npm:4.2.0"
  checksum: b5167a7142c1da704c0e3af85c402002b597081dd9575031a90b4f229ca5678e9a36e8a374f1814c8156a725d17008ae3bde63b92f9cfd132526379e580bec8b
  languageName: node
  linkType: hard

"socks@npm:^2.7.1":
  version: 2.7.1
  resolution: "socks@npm:2.7.1"
  dependencies:
    ip: ^2.0.0
    smart-buffer: ^4.2.0
  checksum: 259d9e3e8e1c9809a7f5c32238c3d4d2a36b39b83851d0f573bfde5f21c4b1288417ce1af06af1452569cd1eb0841169afd4998f0e04ba04656f6b7f0e46d748
  languageName: node
  linkType: hard

"sparse-bitfield@npm:^3.0.3":
  version: 3.0.3
  resolution: "sparse-bitfield@npm:3.0.3"
  dependencies:
    memory-pager: ^1.0.2
  checksum: 174da88dbbcc783d5dbd26921931cc83830280b8055fb05333786ebe6fc015b9601b24972b3d55920dd2d9f5fb120576fbfa2469b08e5222c9cadf3f05210aab
  languageName: node
  linkType: hard

"tr46@npm:^3.0.0":
  version: 3.0.0
  resolution: "tr46@npm:3.0.0"
  dependencies:
    punycode: ^2.1.1
  checksum: 44c3cc6767fb800490e6e9fd64fd49041aa4e49e1f6a012b34a75de739cc9ed3a6405296072c1df8b6389ae139c5e7c6496f659cfe13a04a4bff3a1422981270
  languageName: node
  linkType: hard

"tslib@npm:^2.6.0":
  version: 2.6.0
  resolution: "tslib@npm:2.6.0"
  checksum: c01066038f950016a18106ddeca4649b4d76caa76ec5a31e2a26e10586a59fceb4ee45e96719bf6c715648e7c14085a81fee5c62f7e9ebee68e77a5396e5538f
  languageName: node
  linkType: hard

"typegoose-prop-type-issue@workspace:.":
  version: 0.0.0-use.local
  resolution: "typegoose-prop-type-issue@workspace:."
  dependencies:
    "@typegoose/typegoose": ^11.4.0
    mongoose: ^7.4.0
    reflect-metadata: ^0.1.13
    typescript: ^5.1.6
  languageName: unknown
  linkType: soft

"typescript@npm:^5.1.6":
  version: 5.1.6
  resolution: "typescript@npm:5.1.6"
  bin:
    tsc: bin/tsc
    tsserver: bin/tsserver
  checksum: b2f2c35096035fe1f5facd1e38922ccb8558996331405eb00a5111cc948b2e733163cc22fab5db46992aba7dd520fff637f2c1df4996ff0e134e77d3249a7350
  languageName: node
  linkType: hard

"typescript@patch:typescript@^5.1.6#~builtin<compat/typescript>":
  version: 5.1.6
  resolution: "typescript@patch:typescript@npm%3A5.1.6#~builtin<compat/typescript>::version=5.1.6&hash=5da071"
  bin:
    tsc: bin/tsc
    tsserver: bin/tsserver
  checksum: f53bfe97f7c8b2b6d23cf572750d4e7d1e0c5fff1c36d859d0ec84556a827b8785077bc27676bf7e71fae538e517c3ecc0f37e7f593be913d884805d931bc8be
  languageName: node
  linkType: hard

"webidl-conversions@npm:^7.0.0":
  version: 7.0.0
  resolution: "webidl-conversions@npm:7.0.0"
  checksum: f05588567a2a76428515333eff87200fae6c83c3948a7482ebb109562971e77ef6dc49749afa58abb993391227c5697b3ecca52018793e0cb4620a48f10bd21b
  languageName: node
  linkType: hard

"whatwg-url@npm:^11.0.0":
  version: 11.0.0
  resolution: "whatwg-url@npm:11.0.0"
  dependencies:
    tr46: ^3.0.0
    webidl-conversions: ^7.0.0
  checksum: ed4826aaa57e66bb3488a4b25c9cd476c46ba96052747388b5801f137dd740b73fde91ad207d96baf9f17fbcc80fc1a477ad65181b5eb5fa718d27c69501d7af
  languageName: node
  linkType: hard

"yallist@npm:^4.0.0":
  version: 4.0.0
  resolution: "yallist@npm:4.0.0"
  checksum: 343617202af32df2a15a3be36a5a8c0c8545208f3d3dfbc6bb7c3e3b7e8c6f8e7485432e4f3b88da3031a6e20afa7c711eded32ddfb122896ac5d914e75848d5
  languageName: node
  linkType: hard
